
Microsoft Visual Studio Solution File, Format Version 12.00
# Visual Studio Version 16
VisualStudioVersion = 16.0.30413.136
MinimumVisualStudioVersion = 15.0.26124.0
Project("{9A19103F-16F7-4668-BE54-9A1E7A4F7556}") = "BindViews", "BindViews\BindViews.csproj", "{539D7A0E-6A5C-4834-9EE1-2177AC1E013F}"
EndProject
Project("{9A19103F-16F7-4668-BE54-9A1E7A4F7556}") = "BindViews.Grader", "BindViews.Grader\BindViews.Grader.csproj", "{A952C341-2845-4EA2-9E60-4B60DCC9E432}"
EndProject
Global
	GlobalSection(SolutionConfigurationPlatforms) = preSolution
		Debug|Any CPU = Debug|Any CPU
		Debug|x64 = Debug|x64
		Debug|x86 = Debug|x86
		Release|Any CPU = Release|Any CPU
		Release|x64 = Release|x64
		Release|x86 = Release|x86
	EndGlobalSection
	GlobalSection(ProjectConfigurationPlatforms) = postSolution
		{539D7A0E-6A5C-4834-9EE1-2177AC1E013F}.Debug|Any CPU.ActiveCfg = Debug|Any CPU
		{539D7A0E-6A5C-4834-9EE1-2177AC1E013F}.Debug|Any CPU.Build.0 = Debug|Any CPU
		{539D7A0E-6A5C-4834-9EE1-2177AC1E013F}.Debug|x64.ActiveCfg = Debug|Any CPU
		{539D7A0E-6A5C-4834-9EE1-2177AC1E013F}.Debug|x64.Build.0 = Debug|Any CPU
		{539D7A0E-6A5C-4834-9EE1-2177AC1E013F}.Debug|x86.ActiveCfg = Debug|Any CPU
		{539D7A0E-6A5C-4834-9EE1-2177AC1E013F}.Debug|x86.Build.0 = Debug|Any CPU
		{539D7A0E-6A5C-4834-9EE1-2177AC1E013F}.Release|Any CPU.ActiveCfg = Release|Any CPU
		{539D7A0E-6A5C-4834-9EE1-2177AC1E013F}.Release|Any CPU.Build.0 = Release|Any CPU
		{539D7A0E-6A5C-4834-9EE1-2177AC1E013F}.Release|x64.ActiveCfg = Release|Any CPU
		{539D7A0E-6A5C-4834-9EE1-2177AC1E013F}.Release|x64.Build.0 = Release|Any CPU
		{539D7A0E-6A5C-4834-9EE1-2177AC1E013F}.Release|x86.ActiveCfg = Release|Any CPU
		{539D7A0E-6A5C-4834-9EE1-2177AC1E013F}.Release|x86.Build.0 = Release|Any CPU
		{A952C341-2845-4EA2-9E60-4B60DCC9E432}.Debug|Any CPU.ActiveCfg = Debug|Any CPU
		{A952C341-2845-4EA2-9E60-4B60DCC9E432}.Debug|Any CPU.Build.0 = Debug|Any CPU
		{A952C341-2845-4EA2-9E60-4B60DCC9E432}.Debug|x64.ActiveCfg = Debug|Any CPU
		{A952C341-2845-4EA2-9E60-4B60DCC9E432}.Debug|x64.Build.0 = Debug|Any CPU
		{A952C341-2845-4EA2-9E60-4B60DCC9E432}.Debug|x86.ActiveCfg = Debug|Any CPU
		{A952C341-2845-4EA2-9E60-4B60DCC9E432}.Debug|x86.Build.0 = Debug|Any CPU
		{A952C341-2845-4EA2-9E60-4B60DCC9E432}.Release|Any CPU.ActiveCfg = Release|Any CPU
		{A952C341-2845-4EA2-9E60-4B60DCC9E432}.Release|Any CPU.Build.0 = Release|Any CPU
		{A952C341-2845-4EA2-9E60-4B60DCC9E432}.Release|x64.ActiveCfg = Release|Any CPU
		{A952C341-2845-4EA2-9E60-4B60DCC9E432}.Release|x64.Build.0 = Release|Any CPU
		{A952C341-2845-4EA2-9E60-4B60DCC9E432}.Release|x86.ActiveCfg = Release|Any CPU
		{A952C341-2845-4EA2-9E60-4B60DCC9E432}.Release|x86.Build.0 = Release|Any CPU
	EndGlobalSection
	GlobalSection(SolutionProperties) = preSolution
		HideSolutionNode = FALSE
	EndGlobalSection
	GlobalSection(ExtensibilityGlobals) = postSolution
		SolutionGuid = {0C1A6281-1D80-481E-AA7C-F655C24BF0F9}
	EndGlobalSection
EndGlobal
