
Microsoft Visual Studio Solution File, Format Version 12.00
# Visual Studio Version 16
VisualStudioVersion = 16.0.30413.136
MinimumVisualStudioVersion = 10.0.40219.1
Project("{9A19103F-16F7-4668-BE54-9A1E7A4F7556}") = "ClientSide", "ClientSide\ClientSide.csproj", "{7E266352-C11D-40DD-A01B-09D917427730}"
EndProject
Project("{9A19103F-16F7-4668-BE54-9A1E7A4F7556}") = "ServerSide", "ServerSide\ServerSide.csproj", "{26C59062-F2DE-474C-B054-532AD6992530}"
EndProject
Global
	GlobalSection(SolutionConfigurationPlatforms) = preSolution
		Debug|Any CPU = Debug|Any CPU
		Release|Any CPU = Release|Any CPU
	EndGlobalSection
	GlobalSection(ProjectConfigurationPlatforms) = postSolution
		{7E266352-C11D-40DD-A01B-09D917427730}.Debug|Any CPU.ActiveCfg = Debug|Any CPU
		{7E266352-C11D-40DD-A01B-09D917427730}.Debug|Any CPU.Build.0 = Debug|Any CPU
		{7E266352-C11D-40DD-A01B-09D917427730}.Release|Any CPU.ActiveCfg = Release|Any CPU
		{7E266352-C11D-40DD-A01B-09D917427730}.Release|Any CPU.Build.0 = Release|Any CPU
		{26C59062-F2DE-474C-B054-532AD6992530}.Debug|Any CPU.ActiveCfg = Debug|Any CPU
		{26C59062-F2DE-474C-B054-532AD6992530}.Debug|Any CPU.Build.0 = Debug|Any CPU
		{26C59062-F2DE-474C-B054-532AD6992530}.Release|Any CPU.ActiveCfg = Release|Any CPU
		{26C59062-F2DE-474C-B054-532AD6992530}.Release|Any CPU.Build.0 = Release|Any CPU
	EndGlobalSection
	GlobalSection(SolutionProperties) = preSolution
		HideSolutionNode = FALSE
	EndGlobalSection
	GlobalSection(ExtensibilityGlobals) = postSolution
		SolutionGuid = {CAD67801-C519-407F-9DEC-3CC242682512}
	EndGlobalSection
EndGlobal
